
Microsoft Visual Studio Solution File, Format Version 12.00
# Visual Studio Version 17
VisualStudioVersion = 17.5.33530.505
MinimumVisualStudioVersion = 10.0.40219.1
Project("{FAE04EC0-301F-11D3-BF4B-00C04F79EFBC}") = "BookStoreCSharp", "BookStoreCSharp\BookStoreCSharp.csproj", "{45E35462-5A22-4009-AE64-658733B40D7A}"
EndProject
Global
	GlobalSection(SolutionConfigurationPlatforms) = preSolution
		Debug|Any CPU = Debug|Any CPU
		Release|Any CPU = Release|Any CPU
	EndGlobalSection
	GlobalSection(ProjectConfigurationPlatforms) = postSolution
		{45E35462-5A22-4009-AE64-658733B40D7A}.Debug|Any CPU.ActiveCfg = Debug|Any CPU
		{45E35462-5A22-4009-AE64-658733B40D7A}.Debug|Any CPU.Build.0 = Debug|Any CPU
		{45E35462-5A22-4009-AE64-658733B40D7A}.Release|Any CPU.ActiveCfg = Release|Any CPU
		{45E35462-5A22-4009-AE64-658733B40D7A}.Release|Any CPU.Build.0 = Release|Any CPU
	EndGlobalSection
	GlobalSection(SolutionProperties) = preSolution
		HideSolutionNode = FALSE
	EndGlobalSection
	GlobalSection(ExtensibilityGlobals) = postSolution
		SolutionGuid = {1B784ED0-005C-45C7-87AF-313E4414A1AD}
	EndGlobalSection
EndGlobal
